<?xml version="1.0" encoding="utf-8"?>
<Project ToolsVersion="4.0" xmlns="http://schemas.microsoft.com/developer/msbuild/2003">
  <ItemGroup>
    <ClCompile Include="Main.cpp" />
    <ClCompile Include="Variables.cpp">
      <Filter>source</Filter>
    </ClCompile>
    <ClCompile Include="JavaClass.cpp">
      <Filter>source\classes\jvm</Filter>
    </ClCompile>
    <ClCompile Include="ClassLoader.cpp">
      <Filter>source\util\jvm</Filter>
    </ClCompile>
    <ClCompile Include="LdrfUtil.cpp">
      <Filter>source\util\jvm</Filter>
    </ClCompile>
    <ClCompile Include="ConsoleUtil.cpp">
      <Filter>source\util\other</Filter>
    </ClCompile>
    <ClCompile Include="FileUtil.cpp">
      <Filter>source\util\other</Filter>
    </ClCompile>
    <ClCompile Include="DownloadUtil.cpp">
      <Filter>source\util\other</Filter>
    </ClCompile>
    <ClCompile Include="ScreenUtil.cpp">
      <Filter>source\util\sfml</Filter>
    </ClCompile>
    <ClCompile Include="Whiteout.cpp">
      <Filter>source\classes\whiteout</Filter>
    </ClCompile>
    <ClCompile Include="Module.cpp">
      <Filter>source\classes\whiteout\module</Filter>
    </ClCompile>
    <ClCompile Include="BooleanSetting.cpp">
      <Filter>source\classes\whiteout\setting\impl</Filter>
    </ClCompile>
    <ClCompile Include="ColorSetting.cpp">
      <Filter>source\classes\whiteout\setting\impl</Filter>
    </ClCompile>
    <ClCompile Include="ModeSetting.cpp">
      <Filter>source\classes\whiteout\setting\impl</Filter>
    </ClCompile>
    <ClCompile Include="StringSetting.cpp">
      <Filter>source\classes\whiteout\setting\impl</Filter>
    </ClCompile>
    <ClCompile Include="SettingBase.cpp">
      <Filter>source\classes\whiteout\setting</Filter>
    </ClCompile>
    <ClCompile Include="AutoClicker.cpp">
      <Filter>source\classes\whiteout\module\impl\combat</Filter>
    </ClCompile>
    <ClCompile Include="ModuleManager.cpp">
      <Filter>source\util\whiteout</Filter>
    </ClCompile>
    <ClCompile Include="Timer.cpp">
      <Filter>source\classes\whiteout\module\impl\other</Filter>
    </ClCompile>
    <ClCompile Include="LLInputUtil.cpp">
      <Filter>source\util\other</Filter>
    </ClCompile>
  </ItemGroup>
  <ItemGroup>
    <Filter Include="headers">
      <UniqueIdentifier>{1562007f-6faa-4f90-b3e4-28f33dae8d05}</UniqueIdentifier>
    </Filter>
    <Filter Include="source">
      <UniqueIdentifier>{ef96992e-0b84-4729-bfc7-4bbb961e59c6}</UniqueIdentifier>
    </Filter>
    <Filter Include="source\classes">
      <UniqueIdentifier>{f76e7eca-d3fc-440e-9485-d1cddd52a597}</UniqueIdentifier>
    </Filter>
    <Filter Include="headers\classes">
      <UniqueIdentifier>{38fd12ec-084a-4a4a-a7c6-a25f9ed2a309}</UniqueIdentifier>
    </Filter>
    <Filter Include="headers\util">
      <UniqueIdentifier>{86daa2e2-93ee-4e2c-be07-87baab6be5f5}</UniqueIdentifier>
    </Filter>
    <Filter Include="source\util">
      <UniqueIdentifier>{7ab01e02-aae5-4223-9d8b-fe783ea1f33d}</UniqueIdentifier>
    </Filter>
    <Filter Include="headers\classes\jvm">
      <UniqueIdentifier>{66bdbcec-19ab-4fbe-9715-9b28675e34a0}</UniqueIdentifier>
    </Filter>
    <Filter Include="source\classes\jvm">
      <UniqueIdentifier>{1b9d2913-ea7d-4177-95c3-5d79cd7c424c}</UniqueIdentifier>
    </Filter>
    <Filter Include="source\util\jvm">
      <UniqueIdentifier>{2b18072d-a2dc-4cb5-80a5-2e3213967afe}</UniqueIdentifier>
    </Filter>
    <Filter Include="headers\util\jvm">
      <UniqueIdentifier>{43c47182-1093-4443-8803-750bd00d62c4}</UniqueIdentifier>
    </Filter>
    <Filter Include="source\util\other">
      <UniqueIdentifier>{7697371c-b069-43a1-bdc0-11521dc9bccf}</UniqueIdentifier>
    </Filter>
    <Filter Include="headers\util\other">
      <UniqueIdentifier>{01069962-b207-41d0-9be0-aa20dae9893b}</UniqueIdentifier>
    </Filter>
    <Filter Include="source\util\sfml">
      <UniqueIdentifier>{5c2d3cec-278f-4f46-8e95-76bbd837f1df}</UniqueIdentifier>
    </Filter>
    <Filter Include="headers\util\sfml">
      <UniqueIdentifier>{f242f2b6-936f-41da-9f85-c57b86ec6c04}</UniqueIdentifier>
    </Filter>
    <Filter Include="headers\classes\whiteout">
      <UniqueIdentifier>{95659f5b-e115-4fd1-8f23-6b869f0557fb}</UniqueIdentifier>
    </Filter>
    <Filter Include="source\classes\whiteout">
      <UniqueIdentifier>{448a6be0-bbb6-4b10-a180-dc0758bd078f}</UniqueIdentifier>
    </Filter>
    <Filter Include="source\classes\whiteout\module">
      <UniqueIdentifier>{ecc1a873-4690-468a-ab68-549f12b73e22}</UniqueIdentifier>
    </Filter>
    <Filter Include="headers\classes\whiteout\module">
      <UniqueIdentifier>{327845f4-aaf7-4a75-ae12-235ab1127530}</UniqueIdentifier>
    </Filter>
    <Filter Include="headers\classes\whiteout\setting">
      <UniqueIdentifier>{fd8ef54e-7eb1-4746-9310-894fa092dddf}</UniqueIdentifier>
    </Filter>
    <Filter Include="source\classes\whiteout\setting">
      <UniqueIdentifier>{5e0ca3eb-eee5-42ee-a0b2-f7bf4a6c1336}</UniqueIdentifier>
    </Filter>
    <Filter Include="headers\classes\whiteout\setting\impl">
      <UniqueIdentifier>{2bd4499e-367b-46ea-abf7-03930a04f6e5}</UniqueIdentifier>
    </Filter>
    <Filter Include="source\classes\whiteout\setting\impl">
      <UniqueIdentifier>{4d204733-4eb1-4a75-a624-2611beac68ed}</UniqueIdentifier>
    </Filter>
    <Filter Include="headers\classes\whiteout\module\impl">
      <UniqueIdentifier>{16609a09-dd09-414a-93dc-ff580ac68963}</UniqueIdentifier>
    </Filter>
    <Filter Include="headers\classes\whiteout\module\impl\combat">
      <UniqueIdentifier>{8ca2eda0-ca5a-4d5a-becf-6ed884a047f7}</UniqueIdentifier>
    </Filter>
    <Filter Include="source\classes\whiteout\module\impl">
      <UniqueIdentifier>{a8ee4d8c-113e-4afe-aabe-12260afd762e}</UniqueIdentifier>
    </Filter>
    <Filter Include="source\classes\whiteout\module\impl\combat">
      <UniqueIdentifier>{7e9f8675-790d-4c81-be82-7aa9d1982e20}</UniqueIdentifier>
    </Filter>
    <Filter Include="headers\classes\whiteout\util">
      <UniqueIdentifier>{300feb1a-0daf-4b7b-9971-7a1cd930be45}</UniqueIdentifier>
    </Filter>
    <Filter Include="headers\util\whiteout">
      <UniqueIdentifier>{3e4cbdaa-9300-408c-972a-2c13c69d845c}</UniqueIdentifier>
    </Filter>
    <Filter Include="source\util\whiteout">
      <UniqueIdentifier>{1a9bb15b-3619-45d9-91e8-0aedc2d85e86}</UniqueIdentifier>
    </Filter>
    <Filter Include="headers\classes\whiteout\module\impl\other">
      <UniqueIdentifier>{fe065f75-5695-426d-8f7c-410e1bf664b0}</UniqueIdentifier>
    </Filter>
    <Filter Include="source\classes\whiteout\module\impl\other">
      <UniqueIdentifier>{c0f825c4-e631-4959-9104-c1f3e6d4fe71}</UniqueIdentifier>
    </Filter>
  </ItemGroup>
  <ItemGroup>
    <ClInclude Include="Variables.h">
      <Filter>headers</Filter>
    </ClInclude>
    <ClInclude Include="JavaClass.h">
      <Filter>headers\classes\jvm</Filter>
    </ClInclude>
    <ClInclude Include="ClassLoader.h">
      <Filter>headers\util\jvm</Filter>
    </ClInclude>
    <ClInclude Include="LdrfUtil.h">
      <Filter>headers\util\jvm</Filter>
    </ClInclude>
    <ClInclude Include="ConsoleUtil.h">
      <Filter>headers\util\other</Filter>
    </ClInclude>
    <ClInclude Include="FileUtil.h">
      <Filter>headers\util\other</Filter>
    </ClInclude>
    <ClInclude Include="DownloadUtil.h">
      <Filter>headers\util\other</Filter>
    </ClInclude>
    <ClInclude Include="ScreenUtil.h">
      <Filter>headers\util\sfml</Filter>
    </ClInclude>
    <ClInclude Include="Whiteout.h">
      <Filter>headers\classes\whiteout</Filter>
    </ClInclude>
    <ClInclude Include="Module.h">
      <Filter>headers\classes\whiteout\module</Filter>
    </ClInclude>
    <ClInclude Include="Setting.h">
      <Filter>headers\classes\whiteout\setting</Filter>
    </ClInclude>
    <ClInclude Include="NumberSetting.h">
      <Filter>headers\classes\whiteout\setting\impl</Filter>
    </ClInclude>
    <ClInclude Include="ModeSetting.h">
      <Filter>headers\classes\whiteout\setting\impl</Filter>
    </ClInclude>
    <ClInclude Include="BooleanSetting.h">
      <Filter>headers\classes\whiteout\setting\impl</Filter>
    </ClInclude>
    <ClInclude Include="StringSetting.h">
      <Filter>headers\classes\whiteout\setting\impl</Filter>
    </ClInclude>
    <ClInclude Include="ColorSetting.h">
      <Filter>headers\classes\whiteout\setting\impl</Filter>
    </ClInclude>
    <ClInclude Include="SettingBase.h">
      <Filter>headers\classes\whiteout\setting</Filter>
    </ClInclude>
    <ClInclude Include="RandomUtil.h">
      <Filter>headers\util\other</Filter>
    </ClInclude>
    <ClInclude Include="AutoClicker.h">
      <Filter>headers\classes\whiteout\module\impl\combat</Filter>
    </ClInclude>
    <ClInclude Include="Clock.h">
      <Filter>headers\classes\whiteout\util</Filter>
    </ClInclude>
    <ClInclude Include="ModuleManager.h">
      <Filter>headers\util\whiteout</Filter>
    </ClInclude>
    <ClInclude Include="Timer.h">
      <Filter>headers\classes\whiteout\module\impl\other</Filter>
    </ClInclude>
    <ClInclude Include="LLInputUtil.h">
      <Filter>headers\util\other</Filter>
    </ClInclude>
  </ItemGroup>
</Project>